#
# {license_notice}
#
# @category    Magento
# @package     Mage_CmsStaticBlock
# @subpackage  functional_tests
# @copyright   {copyright}
# @license     {license_link}
#
---
# 'Static Blocks' page
manage_cms_static_blocks:
    mca: cms/block/
    click_xpath: //div[@class='submenu']//a[contains(@href, '/cms/block/')]
    title: Blocks / Elements / Content / Magento Admin
    uimap:
        form: &searchStaticBlocksGrid
            fieldsets:
                -
                    static_blocks_grid:
                        xpath: //div[@id='cmsBlockGrid']
                        buttons:
                            reset_filter: //button[span='Reset Filter']
                            search: //button[span='Search']
                        dropdowns:
                            filter_store_view: //select[@name='store_id']
                            filter_block_status: //select[@name='is_active']
                        fields:
                            filter_block_title: //input[@name='title']
                            filter_block_identifier: //input[@name='identifier']
                            filter_block_created_from: //input[@name='creation_time[from]']
                            filter_block_created_to: //input[@name='creation_time[to]']
                            filter_block_modified_from: //input[@name='update_time[from]']
                            filter_block_modified_to: //input[@name='update_time[to]']
                        pageelements:
                            static_block_grid_head: //*[@id='cmsBlockGrid_table']//thead/tr[@class='headings']
        buttons:
            add_new_block: //button[span='Add New Block']
        messages: &staticBlockMessages
             success_saved_block: //li[normalize-space(@class)='success-msg' and contains(.,'The block has been saved.')]
             success_deleted_block: //li[normalize-space(@class)='success-msg' and contains(.,'The block has been deleted.')]
             confirmation_for_delete: Are you sure you want to do this?
             specify_valid_xml_identifier: "//label[@class='mage-error' and @for='%fieldId%' and contains(.,'Please enter a valid XML-identifier. For example something_1, block5, id-4.')]"
             already_existing_identifier: "//li[@class='error-msg' and contains(.,'A block identifier with the same properties already exists in the selected store.')]"
             widget_validation_message: //div[@id='widget_window']//div[@class='validation-advice']

# 'Edit Block %blockName%' page
edit_cms_static_block:
    mca: cms/block/edit/block_id/%id%/
    title: %elementTitle% / Blocks / Elements / Content / Magento Admin
    uimap:
        form: &editStaticBlockForm
            fieldsets:
                -
                    every_popup:
                        xpath: //div[contains(@class,'ui-dialog ui-widget ui-widget-content')]
                -
                    general_information:
                        xpath: //div[@class='entry-edit form-inline']
                        buttons:
                            show_hide_editor: //button[@id='toggleblock_content']
                        dropdowns:
                            block_status: //select[@name='is_active']
                        fields:
                            block_title: //input[@name='title']
                            block_identifier: //input[@name='identifier']
                        multiselects:
                            store_view: //select[@id='block_store_id'][not(@type='hidden')]
                -
                    simple_editor:
                        xpath: //div[@data-ui-id='cms-block-edit-form-fieldset-element-form-field-content']
                        buttons:
                            insert_widget: "//button[@class='scalable action-add-widget plugin' and not(@style='display: none;')]"
                            insert_image: "//button[@class='scalable action-add-image plugin' and not(@style='display: none;')]"
                            insert_variable: "//button[@class='scalable add-variable plugin' and not(@style='display: none;')]"
                        fields:
                            simple_editor_content: "//textarea[@name='content' and not(contains(@style,'display: none;'))]"
                            simple_editor_disabled: "//textarea[@name='content' and contains(@style,'display: none;')]"
                            rich_editor: //span[@id='block_content_parent']
                -
#                   TODO: add elements if needed
                    wysiwyg_editor_buttons:
                        xpath: //span[@id='block_content_parent']
                        links:
                            wysiwyg_insert_widget: //a[@id='block_content_magentowidget']
                            wysiwyg_insert_variable: //a[@id='block_content_magentovariable']
                -
#                   TODO: add elements if needed
                    wysiwyg_editor_content:
                        xpath: //iframe[@id='block_content_ifr']
                -
                    widget_insertion:
                        xpath: //div[div/span[text()='Insert Widget...']]
                        dropdowns:
                            widget_type: //select[@name='widget_type']
                            template: //select[@name='parameters[template]']
                            display_page_control: //select[@name='parameters[show_pager]']
                        fields:
                            anchor_custom_text: //input[@name='parameters[anchor_text]']
                            anchor_custom_title: //input[@name='parameters[title]']
                            number_of_products_to_display: //input[@name='parameters[products_count]']
                            number_of_products_per_page: //input[@name='parameters[products_per_page]']
                            number_of_products_to_display_compared_and_viewed: //input[@name='parameters[page_size]']
                            cache_lifetime: //input[@name='parameters[cache_lifetime]']
                        buttons:
                            submit_widget_insert: //button[span='Insert Widget']
                            select_option: //button[contains(span,'Select')]
                            close_widget_insertion: //a[@class='ui-dialog-titlebar-close ui-corner-all']
                        pageelements:
                            chosen_option: //label[@class='widget-option-label']
                            chosen_option_verify: //label[@class='widget-option-label' and normalize-space(text())='%elementName%']
                -
                    select_page:
                        xpath: //div[div/span[text()='Select Page...']]
                        fields:
                            page: //input[@name='page']
                            filter_id: //input[@name='chooser_id']
                            filter_title: //input[@name='chooser_title']
                            filter_url_key: //input[@name='chooser_identifier']
                        dropdowns:
                            view_per_page: //select[@name='limit']
                            filter_layout: //select[@name='chooser_page_layout']
                            filter_status: //select[@name='chooser_is_active']
                        buttons:
                            reset_filter: //button[span='Reset Filter']
                            search: //button[span='Search']
                            close_page_insertion: //a[@class='ui-dialog-titlebar-close ui-corner-all']
                        pageelements:
                            product_table_head: //table/thead/tr[@class='headings']
                -
                    select_block:
                        xpath: //div[div/span[text()='Select Block...']]
                        fields:
                            page: //input[@name='page']
                            filter_id: //input[@name='chooser_id']
                            filter_title: //input[@name='chooser_title']
                            filter_identifier: //input[@name='chooser_identifier']
                        dropdowns:
                            view_per_page: //select[@name='limit']
                            filter_status: //select[@name='chooser_is_active']
                        buttons:
                            reset_filter: //button[span='Reset Filter']
                            search: //button[span='Search']
                            close_block_insertion: //a[@class='ui-dialog-titlebar-close ui-corner-all']
                        pageelements:
                            product_table_head: //table/thead/tr[@class='headings']
                -
                    select_category:
                        xpath: //div[div/span[text()='Select Category...']]
                        links:
                            select_category_root_category: //ul/div/li[contains(div/a/span,'%rootName%')]
                            select_category_sub_category: //*[@id='%parentCategoryId%']/ancestor::li/ul/li[contains(div/a/span,'%subName%') and not(div/a/span/@id='%parentCategoryId%')]
                            select_category_expand_category: //*[@id='%parentCategoryId%']/ancestor::div/img[contains(@class,'x-tree-elbow-plus') or contains(@class,'x-tree-elbow-end-plus')]
                        pageelements:
                            select_category_category_text: %categoryXpath%/div/a/span
                            select_category_category_index_text: %categoryXpath%[%index%]/div/a/span
                            select_category_category_index_link: %categoryXpath%[%index%]/div/a
                        buttons:
                            close_category_insertion: //a[@class='ui-dialog-titlebar-close ui-corner-all']
                -
                    select_product:
                        xpath: //div[div/span[text()='Select Product...']]
                        fields:
                            page: //input[@name='page']
                            filter_id: //input[@name='entity_id']
                            filter_sku: //input[@name='chooser_sku']
                            filter_product_name: //input[@name='chooser_name']
                        dropdowns:
                            view_per_page: //select[@name='limit']
                        buttons:
                            reset_filter: //button[span='Reset Filter']
                            search: //button[span='Search']
                            close_product_insertion: //a[@class='ui-dialog-titlebar-close ui-corner-all']
                        links:
                            select_product_root_category: //ul/div/li[contains(div/a/span,'%rootName%')]
                            select_product_sub_category: //*[@id='%parentCategoryId%']/ancestor::li/ul/li[contains(div/a/span,'%subName%') and not(div/a/span/@id='%parentCategoryId%')]
                            select_product_expand_category: //*[@id='%parentCategoryId%']/ancestor::div/img[contains(@class,'x-tree-elbow-plus') or contains(@class,'x-tree-elbow-end-plus')]
                        pageelements:
                            product_table_head: //table/thead/tr[@class='headings']
                            select_product_category_text: %categoryXpath%/div/a/span
                            select_product_category_index_text: %categoryXpath%[%index%]/div/a/span
                            select_product_category_index_link: %categoryXpath%[%index%]/div/a
                -
                    file_insertion:
                        xpath: //div[div/span[text()='Insert File...']]
                        buttons:
                            browse_files: #TODO flash
                            template: #TODO flash
                            create_folder: //button[span='Create Folder...']
                            close_file_insertion: //a[@class='ui-dialog-titlebar-close ui-corner-all']
                        links:
                            collapse_all: //a[text()='Collapse All']
                            expand_all: //a[text()='Expand All']
                            root_storage: //li[contains(div/a/span,'%rootName%')]
                            sub_storage: //*[@id='%parentCategoryId%']/ancestor::li/ul/li[contains(div/a/span,'%subName%') and not(div/a/span/@id='%parentCategoryId%')]
                -
                    variable_insertion:
                        xpath: //div[div/span='Insert Variable...']
                        links:
                            variable: //a[text()='%variableName%']
                        buttons:
                            close_variable_insertion: //a[@class='ui-dialog-titlebar-close ui-corner-all']
        buttons:
            back: //button[span='Back']
            reset: //button[span='Reset']
            delete_block: //button[span='Delete Block']
            save_block: //button[@data-ui-id='cms-block-edit-save-button']
            save_and_continue_edit: //button[@data-ui-id='cms-block-edit-saveandcontinue-button']
        messages: *staticBlockMessages

# Default edit page. Opens when an error happens during creating a new block.
edit_cms_static_block_general:
    mca: cms/block/edit/
    title: New Block / Blocks / Elements / Content / Magento Admin
    uimap:
        messages: *staticBlockMessages

# 'New Block' page
create_cms_static_block:
    mca: cms/block/new/
    title: New Block / Blocks / Elements / Content / Magento Admin
    uimap: &createStaticBlockUimap
        form: *editStaticBlockForm
        buttons:
            back: //button[span='Back']
            reset: //button[span='Reset']
            save_block: //button[@data-ui-id='cms-block-edit-save-button']
            save_and_continue_edit: //button[@data-ui-id='cms-block-edit-saveandcontinue-button']
        messages: *staticBlockMessages
